
Microsoft Visual Studio Solution File, Format Version 12.00
# Visual Studio Version 17
VisualStudioVersion = 17.8.34511.84
MinimumVisualStudioVersion = 10.0.40219.1
Project("{FAE04EC0-301F-11D3-BF4B-00C04F79EFBC}") = "09_QLKHACHSAN", "09_QLKHACHSAN\09_QLKHACHSAN.csproj", "{53C78FFA-78AA-4E9B-A191-D94AF2C4545A}"
EndProject
Global
	GlobalSection(SolutionConfigurationPlatforms) = preSolution
		Debug|Any CPU = Debug|Any CPU
		Release|Any CPU = Release|Any CPU
	EndGlobalSection
	GlobalSection(ProjectConfigurationPlatforms) = postSolution
		{53C78FFA-78AA-4E9B-A191-D94AF2C4545A}.Debug|Any CPU.ActiveCfg = Debug|Any CPU
		{53C78FFA-78AA-4E9B-A191-D94AF2C4545A}.Debug|Any CPU.Build.0 = Debug|Any CPU
		{53C78FFA-78AA-4E9B-A191-D94AF2C4545A}.Release|Any CPU.ActiveCfg = Release|Any CPU
		{53C78FFA-78AA-4E9B-A191-D94AF2C4545A}.Release|Any CPU.Build.0 = Release|Any CPU
	EndGlobalSection
	GlobalSection(SolutionProperties) = preSolution
		HideSolutionNode = FALSE
	EndGlobalSection
	GlobalSection(ExtensibilityGlobals) = postSolution
		SolutionGuid = {1169A9B2-05D5-4A59-9FFE-2BB2E7D8D3E8}
	EndGlobalSection
EndGlobal
